
Microsoft Visual Studio Solution File, Format Version 12.00
# Visual Studio Version 17
VisualStudioVersion = 17.7.34018.315
MinimumVisualStudioVersion = 10.0.40219.1
Project("{2150E333-8FDC-42A3-9474-1A3956D46DE8}") = "Solution Items", "Solution Items", "{82D81090-2DA1-4AB5-8908-AF1BD2D8E722}"
	ProjectSection(SolutionItems) = preProject
		docker-compose.Dev.Infrastructure.yaml = docker-compose.Dev.Infrastructure.yaml
	EndProjectSection
EndProject
Project("{2150E333-8FDC-42A3-9474-1A3956D46DE8}") = "src", "src", "{455D3E28-B679-454C-A915-C9D193BDC756}"
EndProject
Project("{9A19103F-16F7-4668-BE54-9A1E7A4F7556}") = "MasstransitRabbitMQ.Producer.API", "MasstransitRabbitMQ.Producer.API\MasstransitRabbitMQ.Producer.API.csproj", "{0C7478A0-BB8E-4946-8802-E2FA439B57AD}"
EndProject
Project("{9A19103F-16F7-4668-BE54-9A1E7A4F7556}") = "MasstransitRabbitMQ.Contract", "MasstransitRabbitMQ.Contract\MasstransitRabbitMQ.Contract.csproj", "{1566FFBB-2C58-49DA-915D-7744BEA49EFA}"
EndProject
Project("{FAE04EC0-301F-11D3-BF4B-00C04F79EFBC}") = "MasstransitRabbitMQ.Consumer.API", "MasstransitRabbitMQ.Consumer.API\MasstransitRabbitMQ.Consumer.API.csproj", "{26A9259E-1E7C-478B-B8CC-931B289CB749}"
EndProject
Global
	GlobalSection(SolutionConfigurationPlatforms) = preSolution
		Debug|Any CPU = Debug|Any CPU
		Release|Any CPU = Release|Any CPU
	EndGlobalSection
	GlobalSection(ProjectConfigurationPlatforms) = postSolution
		{0C7478A0-BB8E-4946-8802-E2FA439B57AD}.Debug|Any CPU.ActiveCfg = Debug|Any CPU
		{0C7478A0-BB8E-4946-8802-E2FA439B57AD}.Debug|Any CPU.Build.0 = Debug|Any CPU
		{0C7478A0-BB8E-4946-8802-E2FA439B57AD}.Release|Any CPU.ActiveCfg = Release|Any CPU
		{0C7478A0-BB8E-4946-8802-E2FA439B57AD}.Release|Any CPU.Build.0 = Release|Any CPU
		{1566FFBB-2C58-49DA-915D-7744BEA49EFA}.Debug|Any CPU.ActiveCfg = Debug|Any CPU
		{1566FFBB-2C58-49DA-915D-7744BEA49EFA}.Debug|Any CPU.Build.0 = Debug|Any CPU
		{1566FFBB-2C58-49DA-915D-7744BEA49EFA}.Release|Any CPU.ActiveCfg = Release|Any CPU
		{1566FFBB-2C58-49DA-915D-7744BEA49EFA}.Release|Any CPU.Build.0 = Release|Any CPU
		{26A9259E-1E7C-478B-B8CC-931B289CB749}.Debug|Any CPU.ActiveCfg = Debug|Any CPU
		{26A9259E-1E7C-478B-B8CC-931B289CB749}.Debug|Any CPU.Build.0 = Debug|Any CPU
		{26A9259E-1E7C-478B-B8CC-931B289CB749}.Release|Any CPU.ActiveCfg = Release|Any CPU
		{26A9259E-1E7C-478B-B8CC-931B289CB749}.Release|Any CPU.Build.0 = Release|Any CPU
	EndGlobalSection
	GlobalSection(SolutionProperties) = preSolution
		HideSolutionNode = FALSE
	EndGlobalSection
	GlobalSection(NestedProjects) = preSolution
		{0C7478A0-BB8E-4946-8802-E2FA439B57AD} = {455D3E28-B679-454C-A915-C9D193BDC756}
		{1566FFBB-2C58-49DA-915D-7744BEA49EFA} = {455D3E28-B679-454C-A915-C9D193BDC756}
		{26A9259E-1E7C-478B-B8CC-931B289CB749} = {455D3E28-B679-454C-A915-C9D193BDC756}
	EndGlobalSection
	GlobalSection(ExtensibilityGlobals) = postSolution
		SolutionGuid = {B884EB0F-08E2-4A38-A2C2-1CDD0282BB0F}
	EndGlobalSection
EndGlobal
